github.com/agiledragon/gomonkey/v2 v2.1.0 h1:+5Dbq8a1fn89IgVk35O233R41FH0nBKFPn50wDZpNs0=
github.com/davecgh/go-spew v1.1.0/go.mod h1:J7Y8YcW2NihsgmVo/mv3lAwl/skON4iLHjSsI+c5H38=
github.com/davecgh/go-spew v1.1.1 h1:vj9j/u1bqnvCEfJOwUhtlOARqs3+rkHYY13jYWTU97c=
github.com/davecgh/go-spew v1.1.1/go.mod h1:J7Y8YcW2NihsgmVo/mv3lAwl/skON4iLHjSsI+c5H38=
github.com/golang/protobuf v1.4.2 h1:+Z5KGCizgyZCbGh1KZqA0fcLLkwbsjIzS4aV2v7wJX0=
github.com/gorilla/mux v1.8.0 h1:i40aqfkR1h2SlN9hojwV5ZA91wcXFOvkdNIeFDP5koI=
github.com/gorilla/mux v1.8.0/go.mod h1:DVbg23sWSpFRCP0SfiEN6jmj59UnW/n46BH5rLB71So=
github.com/heeus/core v0.0.0-20221215130720-9803243b1e47 h1:uskRu6X5nIlwGOOp2EzCrJFyidU54ZSL+k0KnUR2nYY=
github.com/heeus/core v0.0.0-20221215130720-9803243b1e47/go.mod h1:MlIfmOZ/bRg6D78wYuADghTnHoJKtYR7wAY2CVwtIRU=
github.com/heeus/core-iblobstorage v0.0.0-20221215123931-3560a98d0002 h1:Ofo6OqtJzWZzca2sSIkAL0EnaLnN7p3+r8Zli+UXitA=
github.com/heeus/core-iblobstorage v0.0.0-20221215123931-3560a98d0002/go.mod h1:hA5cUgG4gTGQZX7lNLKqKYOs28PQQcEwQp2efj5QHmg=
github.com/heeus/core-in10n v0.0.0-20221215123808-f4ef36ab690e h1:un5fiUhm5o4cd0+1EioL7+/hDEiOL3I2whJf4Lomyyw=
github.com/heeus/core-in10n v0.0.0-20221215123808-f4ef36ab690e/go.mod h1:X/RV/Tyfl5VKjggMcrXeM1trzSQNDbdRmTewRPe2lus=
github.com/heeus/core-iprocbus v0.0.0-20211103075415-810b8e91a7d6 h1:by9/HJWaL7XPHe8agot5ZmKNBtxwHW2+aOS59Q+QhJw=
github.com/heeus/core-iprocbus v0.0.0-20211103075415-810b8e91a7d6/go.mod h1:4OlY6ik6xLP/5hPMw53GAD1DvH2c2U6GWju2I0B1r8w=
github.com/heeus/core-iprocbusmem v0.0.0-20220126114259-f615f4e6c94d h1:2nxNAa2OmmkXF7GhWXnVRGO02JPa7NIIDv8pQyjukhE=
github.com/heeus/core-iprocbusmem v0.0.0-20220126114259-f615f4e6c94d/go.mod h1:flpwt51gkuS/Ckh6GYcpd6HG465i9odN7/bhd9h1VLg=
github.com/heeus/core-logger v0.0.0-20220724102610-98c795221628 h1:cw8jtae3cmPkZanl3ZxtAe9KAZle2+Ap8Idgm8NTYW8=
github.com/heeus/core-logger v0.0.0-20220724102610-98c795221628/go.mod h1:yTNAkvEhCxUhuMB0g8OJKjve8tHAUIQ9MmRDn0z20b0=
github.com/klauspost/compress v1.14.2 h1:S0OHlFk/Gbon/yauFJ4FfJJF5V0fc5HbBTJazi28pRw=
github.com/klauspost/compress v1.14.2/go.mod h1:/3/Vjq9QcHkK5uEr5lBEmyoZ1iFhe47etQ6QUkpK6sk=
github.com/minio/highwayhash v1.0.2 h1:Aak5U0nElisjDCfPSG79Tgzkn2gl66NxOMspRrKnA/g=
github.com/minio/highwayhash v1.0.2/go.mod h1:BQskDq+xkJ12lmlUUi7U0M5Swg3EWR+dLTk+kldvVxY=
github.com/nats-io/jwt/v2 v2.2.1-0.20220113022732-58e87895b296 h1:vU9tpM3apjYlLLeY23zRWJ9Zktr5jp+mloR942LEOpY=
github.com/nats-io/jwt/v2 v2.2.1-0.20220113022732-58e87895b296/go.mod h1:0tqz9Hlu6bCBFLWAASKhE5vUA4c24L9KPUUgvwumE/k=
github.com/nats-io/nats-server/v2 v2.7.2 h1:+LEN8m0+jdCkiGc884WnDuxR+qj80/5arj+szKuRpRI=
github.com/nats-io/nats-server/v2 v2.7.2/go.mod h1:tckmrt0M6bVaDT3kmh9UrIq/CBOBBse+TpXQi5ldaa8=
github.com/nats-io/nats.go v1.13.1-0.20220121202836-972a071d373d h1:GRSmEJutHkdoxKsRypP575IIdoXe7Bm6yHQF6GcDBnA=
github.com/nats-io/nats.go v1.13.1-0.20220121202836-972a071d373d/go.mod h1:BPko4oXsySz4aSWeFgOHLZs3G4Jq4ZAyE6/zMCxRT6w=
github.com/nats-io/nkeys v0.3.0 h1:cgM5tL53EvYRU+2YLXIK0G2mJtK12Ft9oeooSZMA2G8=
github.com/nats-io/nkeys v0.3.0/go.mod h1:gvUNGjVcM2IPr5rCsRsC6Wb3Hr2CQAm08dsxtV6A5y4=
github.com/nats-io/nuid v1.0.1 h1:5iA8DT8V7q8WK2EScv2padNa/rTESc1KdnPw4TC2paw=
github.com/nats-io/nuid v1.0.1/go.mod h1:19wcPz3Ph3q0Jbyiqsd0kePYG7A95tJPxeL+1OSON2c=
github.com/pmezard/go-difflib v1.0.0 h1:4DBwDE0NGyQoBHbLQYPwSUPoCMWR5BEzIk/f1lZbAQM=
github.com/pmezard/go-difflib v1.0.0/go.mod h1:iKH77koFhYxTK1pcRnkKkqfTogsbg7gZNVY4sRDYZ/4=
github.com/spf13/pflag v1.0.5 h1:iy+VFUOCP1a+8yFto/drg2CJ5u0yRoB7fZw3DKv/JXA=
github.com/spf13/pflag v1.0.5/go.mod h1:McXfInJRrz4CZXVZOBLb0bTZqETkiAhM9Iw0y3An2Bg=
github.com/stretchr/objx v0.1.0/go.mod h1:HFkY916IF+rwdDfMAkV7OtwuqBVzrE8GR6GFx+wExME=
github.com/stretchr/objx v0.2.0/go.mod h1:qt09Ya8vawLte6SNmTgCsAVtYtaKzEcn8ATUoHMkEqE=
github.com/stretchr/objx v0.4.0/go.mod h1:YvHI0jy2hoMjB+UWwv71VJQ9isScKT/TqJzVSSt89Yw=
github.com/stretchr/testify v1.3.0/go.mod h1:M5WIy9Dh21IEIfnGCwXGc5bZfKNJtfHm1UVUgZn+9EI=
github.com/stretchr/testify v1.7.1/go.mod h1:6Fq8oRcR53rry900zMqJjRRixrwX3KX962/h/Wwjteg=
github.com/stretchr/testify v1.8.0 h1:pSgiaMZlXftHpm5L7V1+rVB+AZJydKsMxsQBIJw4PKk=
github.com/stretchr/testify v1.8.0/go.mod h1:yNjHg4UonilssWZ8iaSj1OCr/vHnekPRkoO+kdMU+MU=
github.com/untillpro/airs-ibus v0.0.0-20220629112149-f3803ccb6e9e h1:vcOavnyNIdFV0LZzmm1D7RDfcmFpBatpfNskooPNYQM=
github.com/untillpro/airs-ibus v0.0.0-20220629112149-f3803ccb6e9e/go.mod h1:1I4FoKKps86qZfFCh+QjcGFXPlNgYHF68L4L04bAU6k=
github.com/untillpro/airs-ibusnats v0.0.0-20220602094345-4a16b77c871c h1:SHVDjwkot4RS82P7DSOfLNRRHq92za1KKsmicCvA8hw=
github.com/untillpro/airs-ibusnats v0.0.0-20220602094345-4a16b77c871c/go.mod h1:BbRgv6P4ro2vXk0xSom0vLTJ7g1Ek9QA7BJMaBNTrmw=
github.com/untillpro/gochips v1.12.1-0.20191205115612-9cd10d0ac2b3 h1:6FcNUgKOtK6UqrjFGlW80WfrwgLjZPBdpUadFkw3mRw=
github.com/untillpro/gochips v1.12.1-0.20191205115612-9cd10d0ac2b3/go.mod h1:us8QSJtQx+8SiWFqh2oAT7UMzhF73t21p3WFGn6Apao=
github.com/untillpro/godif v0.18.0 h1:m3/5jc8oJCyU5lYHeZwG0deq+lYoCXNFqAwVMhiQ+Ks=
github.com/untillpro/godif v0.18.0/go.mod h1:Yi639zQ/XMuW5ArnXOqs1zx+7o9POvgmtgaNyDh1lUE=
github.com/valyala/bytebufferpool v1.0.0 h1:GqA5TC/0021Y/b9FG4Oi9Mr3q7XYx6KllzawFIhcdPw=
github.com/valyala/bytebufferpool v1.0.0/go.mod h1:6bBcMArwyJ5K/AmCkWv1jt77kVWyCJ6HpOuEn7z0Csc=
golang.org/x/crypto v0.0.0-20210314154223-e6e6c4f2bb5b/go.mod h1:T9bdIzuCu7OtxOm1hfPfRQxPLYneinmdGuTeoZ9dtd4=
golang.org/x/crypto v0.0.0-20220214200702-86341886e292 h1:f+lwQ+GtmgoY+A2YaQxlSOnDjXcQ7ZRLWOHbC6HtRqE=
golang.org/x/crypto v0.0.0-20220214200702-86341886e292/go.mod h1:IxCIyHEi3zRg3s0A5j5BB6A9Jmi73HwBIUl50j+osU4=
golang.org/x/net v0.0.0-20210226172049-e18ecbb05110/go.mod h1:m0MpNAwzfU5UDzcl9v0D8zg8gWTRqZa9RBIspLL5mdg=
golang.org/x/net v0.0.0-20220127200216-cd36cc0744dd h1:O7DYs+zxREGLKzKoMQrtrEacpb0ZVXA5rIwylE2Xchk=
golang.org/x/net v0.0.0-20220127200216-cd36cc0744dd/go.mod h1:CfG3xpIq0wQ8r1q4Su4UZFWDARRcnwPjda9FqA0JpMk=
golang.org/x/sys v0.0.0-20190130150945-aca44879d564/go.mod h1:STP8DvDyc/dI5b8T5hshtkjS+E42TnysNCUPdjciGhY=
golang.org/x/sys v0.0.0-20201119102817-f84b799fce68/go.mod h1:h1NjWce9XRLGQEsW7wpKNCjG9DtNlClVuFLEZdDNbEs=
golang.org/x/sys v0.0.0-20220209214540-3681064d5158 h1:rm+CHSpPEEW2IsXUib1ThaHIjuBVZjxNgSKmBLFfD4c=
golang.org/x/sys v0.0.0-20220209214540-3681064d5158/go.mod h1:oPkhp1MJrh7nUepCBck5+mAzfO9JrbApNNgaTdGDITg=
golang.org/x/term v0.0.0-20201126162022-7de9c90e9dd1/go.mod h1:bj7SfCRtBDWHUb9snDiAeCFNEtKQo2Wmx5Cou7ajbmo=
golang.org/x/text v0.3.3/go.mod h1:5Zoc/QRtKVWzQhOtBMvqHzDpF6irO9z98xDceosuGiQ=
golang.org/x/text v0.3.7 h1:olpwvP2KacW1ZWvsR7uQhoyTYvKAupfQrRGBFM352Gk=
golang.org/x/text v0.3.7/go.mod h1:u+2+/6zg+i71rQMx5EYifcz6MCKuco9NR6JIITiCfzQ=
golang.org/x/time v0.0.0-20220210224613-90d013bbcef8 h1:vVKdlvoWBphwdxWKrFZEuM0kGgGLxUOYcY4U/2Vjg44=
golang.org/x/time v0.0.0-20220210224613-90d013bbcef8/go.mod h1:tRJNPiyCQ0inRvYxbN9jk5I+vvW/OXSQhTDSoE431IQ=
golang.org/x/tools v0.0.0-20180917221912-90fa682c2a6e/go.mod h1:n7NCudcB/nEzxVGmLbDWY5pfWTLqBcC2KZ6jyYvM4mQ=
google.golang.org/protobuf v1.23.0 h1:4MY060fB1DLGMB/7MBTLnwQUY6+F09GEiz6SsrNqyzM=
gopkg.in/check.v1 v0.0.0-20161208181325-20d25e280405 h1:yhCVgyC4o1eVCa2tZl7eS0r+SDo693bJlVdllGtEeKM=
gopkg.in/check.v1 v0.0.0-20161208181325-20d25e280405/go.mod h1:Co6ibVJAznAaIkqp8huTwlJQCZ016jof/cbN4VW5Yz0=
gopkg.in/yaml.v3 v3.0.0-20200313102051-9f266ea9e77c/go.mod h1:K4uyk7z7BCEPqu6E+C64Yfv1cQ7kz7rIZviUmN+EgEM=
gopkg.in/yaml.v3 v3.0.1 h1:fxVm/GzAzEWqLHuvctI91KS9hhNmmWOoWu0XTYJS7CA=
gopkg.in/yaml.v3 v3.0.1/go.mod h1:K4uyk7z7BCEPqu6E+C64Yfv1cQ7kz7rIZviUmN+EgEM=
