github.com/davecgh/go-spew v1.1.0/go.mod h1:J7Y8YcW2NihsgmVo/mv3lAwl/skON4iLHjSsI+c5H38=
github.com/davecgh/go-spew v1.1.1 h1:vj9j/u1bqnvCEfJOwUhtlOARqs3+rkHYY13jYWTU97c=
github.com/davecgh/go-spew v1.1.1/go.mod h1:J7Y8YcW2NihsgmVo/mv3lAwl/skON4iLHjSsI+c5H38=
github.com/golang/protobuf v1.3.2/go.mod h1:6lQm79b+lXiMfvg/cZm0SGofjICqVBUtrP5yJMmIC1U=
github.com/golang/protobuf v1.3.5 h1:F768QJ1E9tib+q5Sc8MkdJi1RxLTbRcTf8LJV56aRls=
github.com/golang/protobuf v1.3.5/go.mod h1:6O5/vntMXwX2lRkT1hjjk0nAC1IDOTvTlVgjlRvqsdk=
github.com/golang/snappy v0.0.1/go.mod h1:/XxbfmMg8lxefKM7IXC3fBNl/7bRcc72aCRzEWrmP2Q=
github.com/google/flatbuffers v1.11.0/go.mod h1:1AeVuKshWv4vARoZatz6mlQ0JxURH0Kv5+zNeJKJCa8=
github.com/google/flatbuffers v1.12.0 h1:/PtAHvnBY4Kqnx/xCQ3OIV9uYcSFGScBsWI3Oogeh6w=
github.com/google/flatbuffers v1.12.0/go.mod h1:1AeVuKshWv4vARoZatz6mlQ0JxURH0Kv5+zNeJKJCa8=
github.com/gorilla/mux v1.7.4 h1:VuZ8uybHlWmqV03+zRzdwKL4tUnIp1MAQtp1mIFE1bc=
github.com/gorilla/mux v1.7.4/go.mod h1:DVbg23sWSpFRCP0SfiEN6jmj59UnW/n46BH5rLB71So=
github.com/kr/pretty v0.1.0 h1:L/CwN0zerZDmRFUapSPitk6f+Q3+0za1rQkzVuMiMFI=
github.com/kr/pretty v0.1.0/go.mod h1:dAy3ld7l9f0ibDNOQOHHMYYIIbhfbHSm3C4ZsoJORNo=
github.com/kr/pty v1.1.1/go.mod h1:pFQYn66WHrOpPYNljwOMqo10TkYh1fy3cYio2l3bCsQ=
github.com/kr/text v0.1.0 h1:45sCR5RtlFHMR4UwH9sdQ5TC8v0qDQCHnXt+kaKSTVE=
github.com/kr/text v0.1.0/go.mod h1:4Jbv+DJW3UT/LiOwJeYQe1efqtUx/iVham/4vfdArNI=
github.com/kylelemons/godebug v1.1.0/go.mod h1:9/0rRGxNHcop5bhtWyNeEfOS8JIWk580+fNqagV/RAw=
github.com/linkedin/goavro v2.1.0+incompatible/go.mod h1:bBCwI2eGYpUI/4820s67MElg9tdeLbINjLjiM2xZFYM=
github.com/nats-io/jwt v0.3.0/go.mod h1:fRYCDE99xlTsqUzISS1Bi75UBJ6ljOJQOAAu5VglpSg=
github.com/nats-io/jwt v0.3.2 h1:+RB5hMpXUUA2dfxuhBTEkMOrYmM+gKIZYS1KjSostMI=
github.com/nats-io/jwt v0.3.2/go.mod h1:/euKqTS1ZD+zzjYrY7pseZrTtWQSjujC7xjPc8wL6eU=
github.com/nats-io/nats-server/v2 v2.1.4 h1:BILRnsJ2Yb/fefiFbBWADpViGF69uh4sxe8poVDQ06g=
github.com/nats-io/nats-server/v2 v2.1.4/go.mod h1:Jw1Z28soD/QasIA2uWjXyM9El1jly3YwyFOuR8tH1rg=
github.com/nats-io/nats.go v1.9.1 h1:ik3HbLhZ0YABLto7iX80pZLPw/6dx3T+++MZJwLnMrQ=
github.com/nats-io/nats.go v1.9.1/go.mod h1:ZjDU1L/7fJ09jvUSRVBR2e7+RnLiiIQyqyzEE/Zbp4w=
github.com/nats-io/nkeys v0.1.0/go.mod h1:xpnFELMwJABBLVhffcfd1MZx6VsNRFpEugbxziKVo7w=
github.com/nats-io/nkeys v0.1.3 h1:6JrEfig+HzTH85yxzhSVbjHRJv9cn0p6n3IngIcM5/k=
github.com/nats-io/nkeys v0.1.3/go.mod h1:xpnFELMwJABBLVhffcfd1MZx6VsNRFpEugbxziKVo7w=
github.com/nats-io/nuid v1.0.1 h1:5iA8DT8V7q8WK2EScv2padNa/rTESc1KdnPw4TC2paw=
github.com/nats-io/nuid v1.0.1/go.mod h1:19wcPz3Ph3q0Jbyiqsd0kePYG7A95tJPxeL+1OSON2c=
github.com/pmezard/go-difflib v1.0.0 h1:4DBwDE0NGyQoBHbLQYPwSUPoCMWR5BEzIk/f1lZbAQM=
github.com/pmezard/go-difflib v1.0.0/go.mod h1:iKH77koFhYxTK1pcRnkKkqfTogsbg7gZNVY4sRDYZ/4=
github.com/stretchr/objx v0.1.0/go.mod h1:HFkY916IF+rwdDfMAkV7OtwuqBVzrE8GR6GFx+wExME=
github.com/stretchr/objx v0.2.0/go.mod h1:qt09Ya8vawLte6SNmTgCsAVtYtaKzEcn8ATUoHMkEqE=
github.com/stretchr/testify v1.3.0 h1:TivCn/peBQ7UY8ooIcPgZFpTNSz0Q2U6UrFlUfqbe0Q=
github.com/stretchr/testify v1.3.0/go.mod h1:M5WIy9Dh21IEIfnGCwXGc5bZfKNJtfHm1UVUgZn+9EI=
github.com/stretchr/testify v1.4.0/go.mod h1:j7eGeouHqKxXV5pUuKE4zz7dFj8WfuZ+81PSLYec5m4=
github.com/stretchr/testify v1.5.1 h1:nOGnQDM7FYENwehXlg/kFVnos3rEvtKTjRvOWSzb6H4=
github.com/stretchr/testify v1.5.1/go.mod h1:5W2xD1RspED5o8YsWQXVCued0rvSQ+mT+I5cxcmMvtA=
github.com/untillpro/airs-ibus v0.0.0-20200210150646-efe9a3524a2d/go.mod h1:zqh638zl3oFrLFQB+J1XwAUe9K3gELMbFcX6AboeWq4=
github.com/untillpro/airs-ibus v0.0.0-20200414104051-7a52bdda4652 h1:n4Hy0U6y4IRW3WuS60RU8VAd7vE2WjVUzGU/bVPrWj4=
github.com/untillpro/airs-ibus v0.0.0-20200414104051-7a52bdda4652/go.mod h1:zqh638zl3oFrLFQB+J1XwAUe9K3gELMbFcX6AboeWq4=
github.com/untillpro/airs-ibus v0.0.0-20200420121550-c9ea165fad4c/go.mod h1:wdh6wfXojbDdrStzKToUiB0NcE9NJToQGt+okeMYyq8=
github.com/untillpro/airs-ibus v0.0.0-20200422081913-c37834024321 h1:Wff9gMj0qr++NntVsDvg0O35lOoA9Fh4APoCL/uLySU=
github.com/untillpro/airs-ibus v0.0.0-20200422081913-c37834024321/go.mod h1:wdh6wfXojbDdrStzKToUiB0NcE9NJToQGt+okeMYyq8=
github.com/untillpro/airs-ibusnats v0.0.0-20200325132555-c4577a1d8f71 h1:Ox74YiS3J8sCrxTvOaHgv/4Py5FEBw61HNHiLQYAm+s=
github.com/untillpro/airs-ibusnats v0.0.0-20200325132555-c4577a1d8f71/go.mod h1:j1dk83biGMGTRr6Op92M6zWCki82+ikATfgy06U9hOY=
github.com/untillpro/airs-icore v0.0.0-20200310140004-41cf371618ae/go.mod h1:b1NoCld2PEfIR+udtV0/nvjoHXWf2CCi6sfoBeOxSik=
github.com/untillpro/airs-icore v0.0.0-20200414151306-86b48f40a9d2 h1:2SYQFdwm2Btec4F1tujiWhL5akmZu24jS8FFGUl+6+E=
github.com/untillpro/airs-icore v0.0.0-20200414151306-86b48f40a9d2/go.mod h1:VcTfuK7iIxl8b2OO9fvsov9snoHsu7KoeJ4Ta2lN6rg=
github.com/untillpro/airs-icoreimpl v0.0.0-20200331113304-cb36e2eae919 h1:HO5f5EmkiC+uOjTRVDKUJVVpTPbbXC+96CgM9db0n0A=
github.com/untillpro/airs-icoreimpl v0.0.0-20200331113304-cb36e2eae919/go.mod h1:h9Li7QRg9PA0wpFeukxvEI8ShZbsR2WWRVeea8rEfGE=
github.com/untillpro/airs-istorage v0.0.0-20200218152219-cc8f417d6123/go.mod h1:c0A+fvqwLLxqzQZGakfd19Mw34kvHKiDAd67A3iXODQ=
github.com/untillpro/airs-scheme v0.0.0-20200204131124-c8ca40e9bc54/go.mod h1:x9Kg5Ic6vk+kT0bc/+rFEdLPKILmycQ4EqaTXZc63Uc=
github.com/untillpro/airs-scheme v0.0.0-20200403190343-ddaa97bf8ef0/go.mod h1:x9Kg5Ic6vk+kT0bc/+rFEdLPKILmycQ4EqaTXZc63Uc=
github.com/untillpro/dynobuffers v0.0.0-20200221142904-63022ce33ece/go.mod h1:n/ZudHkOPMSlSSlVU5lx7/ND55Amxue2D/rSAmQ0YkQ=
github.com/untillpro/dynobuffers v0.0.0-20200409120645-887ee34375dc h1:/LJaOc4kgXFiOgtJz0lxQZAmEEPlhyYgOpml2njGc+s=
github.com/untillpro/dynobuffers v0.0.0-20200409120645-887ee34375dc/go.mod h1:zKgoyUTXRFKuFUF/oBp+jzVyKyXpbEJ8qM8fTqDMp04=
github.com/untillpro/dynobuffers v0.0.0-20200416095045-ee5e967fafcd h1:CnXC4tjxB9q6lcJWfotx91C0oG56gjTeMov1BgME8Xg=
github.com/untillpro/dynobuffers v0.0.0-20200416095045-ee5e967fafcd/go.mod h1:zKgoyUTXRFKuFUF/oBp+jzVyKyXpbEJ8qM8fTqDMp04=
github.com/untillpro/dynobuffers v0.0.0-20200416150259-da8f46749657/go.mod h1:zKgoyUTXRFKuFUF/oBp+jzVyKyXpbEJ8qM8fTqDMp04=
github.com/untillpro/gochips v1.9.0/go.mod h1:us8QSJtQx+8SiWFqh2oAT7UMzhF73t21p3WFGn6Apao=
github.com/untillpro/gochips v1.10.0/go.mod h1:us8QSJtQx+8SiWFqh2oAT7UMzhF73t21p3WFGn6Apao=
github.com/untillpro/gochips v1.12.0 h1:dqpXSAlg8YanktfK49GBAsZEjL3cwrXQ6xDAFOF79uU=
github.com/untillpro/gochips v1.12.0/go.mod h1:us8QSJtQx+8SiWFqh2oAT7UMzhF73t21p3WFGn6Apao=
github.com/untillpro/gochips v1.12.1-0.20191205115612-9cd10d0ac2b3 h1:6FcNUgKOtK6UqrjFGlW80WfrwgLjZPBdpUadFkw3mRw=
github.com/untillpro/gochips v1.12.1-0.20191205115612-9cd10d0ac2b3/go.mod h1:us8QSJtQx+8SiWFqh2oAT7UMzhF73t21p3WFGn6Apao=
github.com/untillpro/godif v0.11.0/go.mod h1:v/TEwBrNu5MAS/1ylN50PikeZvPyMKjj8SeODKqIbpw=
github.com/untillpro/godif v0.17.0/go.mod h1:Yi639zQ/XMuW5ArnXOqs1zx+7o9POvgmtgaNyDh1lUE=
github.com/untillpro/godif v0.18.0 h1:m3/5jc8oJCyU5lYHeZwG0deq+lYoCXNFqAwVMhiQ+Ks=
github.com/untillpro/godif v0.18.0/go.mod h1:Yi639zQ/XMuW5ArnXOqs1zx+7o9POvgmtgaNyDh1lUE=
golang.org/x/crypto v0.0.0-20190308221718-c2843e01d9a2/go.mod h1:djNgcEr1/C05ACkg1iLfiJU5Ep61QUkGW8qpdssI0+w=
golang.org/x/crypto v0.0.0-20190701094942-4def268fd1a4/go.mod h1:yigFU9vqHzYiE8UmvKecakEJjdnWj3jj499lnFckfCI=
golang.org/x/crypto v0.0.0-20200323165209-0ec3e9974c59 h1:3zb4D3T4G8jdExgVU/95+vQXfpEPiMdCaZgmGVxjNHM=
golang.org/x/crypto v0.0.0-20200323165209-0ec3e9974c59/go.mod h1:LzIPMQfyMNhhGPhUkYOs5KpL4U8rLKemX1yGLhDgUto=
golang.org/x/net v0.0.0-20190404232315-eb5bcb51f2a3/go.mod h1:t9HGtf8HONx5eT2rtn7q6eTqICYqUVnKs3thJo3Qplg=
golang.org/x/net v0.0.0-20200324143707-d3edc9973b7e h1:3G+cUijn7XD+S4eJFddp53Pv7+slrESplyjG25HgL+k=
golang.org/x/net v0.0.0-20200324143707-d3edc9973b7e/go.mod h1:qpuaurCH72eLCgpAm/N6yyVIVM9cpaDIP3A8BGJEC5A=
golang.org/x/net v0.0.0-20200421231249-e086a090c8fd h1:QPwSajcTUrFriMF1nJ3XzgoqakqQEsnZf9LdXdi2nkI=
golang.org/x/net v0.0.0-20200421231249-e086a090c8fd/go.mod h1:qpuaurCH72eLCgpAm/N6yyVIVM9cpaDIP3A8BGJEC5A=
golang.org/x/sys v0.0.0-20190215142949-d0b11bdaac8a/go.mod h1:STP8DvDyc/dI5b8T5hshtkjS+E42TnysNCUPdjciGhY=
golang.org/x/sys v0.0.0-20190412213103-97732733099d/go.mod h1:h1NjWce9XRLGQEsW7wpKNCjG9DtNlClVuFLEZdDNbEs=
golang.org/x/sys v0.0.0-20190726091711-fc99dfbffb4e/go.mod h1:h1NjWce9XRLGQEsW7wpKNCjG9DtNlClVuFLEZdDNbEs=
golang.org/x/sys v0.0.0-20200323222414-85ca7c5b95cd h1:xhmwyvizuTgC2qz7ZlMluP20uW+C3Rm0FD/WLDX8884=
golang.org/x/sys v0.0.0-20200323222414-85ca7c5b95cd/go.mod h1:h1NjWce9XRLGQEsW7wpKNCjG9DtNlClVuFLEZdDNbEs=
golang.org/x/text v0.3.0/go.mod h1:NqM8EUOU14njkJ3fqMW+pc6Ldnwhi/IjpwHt7yyuwOQ=
gopkg.in/check.v1 v0.0.0-20161208181325-20d25e280405/go.mod h1:Co6ibVJAznAaIkqp8huTwlJQCZ016jof/cbN4VW5Yz0=
gopkg.in/check.v1 v1.0.0-20190902080502-41f04d3bba15 h1:YR8cESwS4TdDjEe65xsg0ogRM/Nc3DYOhEAlW+xobZo=
gopkg.in/check.v1 v1.0.0-20190902080502-41f04d3bba15/go.mod h1:Co6ibVJAznAaIkqp8huTwlJQCZ016jof/cbN4VW5Yz0=
gopkg.in/linkedin/goavro.v1 v1.0.5/go.mod h1:Aw5GdAbizjOEl0kAMHV9iHmA8reZzW/OKuJAl4Hb9F0=
gopkg.in/yaml.v2 v2.2.2 h1:ZCJp+EgiOT7lHqUV2J862kp8Qj64Jo6az82+3Td9dZw=
gopkg.in/yaml.v2 v2.2.2/go.mod h1:hI93XBmqTisBFMUTm0b8Fm+jr3Dg1NNxqwp+5A1VGuI=
gopkg.in/yaml.v2 v2.2.8 h1:obN1ZagJSUGI0Ek/LBmuj4SNLPfIny3KsKFopxRdj10=
gopkg.in/yaml.v2 v2.2.8/go.mod h1:hI93XBmqTisBFMUTm0b8Fm+jr3Dg1NNxqwp+5A1VGuI=
